
Microsoft Visual Studio Solution File, Format Version 12.00
# Visual Studio Version 17
VisualStudioVersion = 17.8.34601.278
MinimumVisualStudioVersion = 10.0.40219.1
Project("{9A19103F-16F7-4668-BE54-9A1E7A4F7556}") = "PatientInfo.API", "PatientInfo.API\PatientInfo.API.csproj", "{01640DA7-7F7D-4490-B22D-45F62C46987C}"
EndProject
Project("{FAE04EC0-301F-11D3-BF4B-00C04F79EFBC}") = "PatientInfo.API.Test", "PatientInfo.API.Test\PatientInfo.API.Test.csproj", "{2DDCEDFD-034E-4860-B3C3-85824113FDA7}"
EndProject
Global
	GlobalSection(SolutionConfigurationPlatforms) = preSolution
		Debug|Any CPU = Debug|Any CPU
		Release|Any CPU = Release|Any CPU
	EndGlobalSection
	GlobalSection(ProjectConfigurationPlatforms) = postSolution
		{01640DA7-7F7D-4490-B22D-45F62C46987C}.Debug|Any CPU.ActiveCfg = Debug|Any CPU
		{01640DA7-7F7D-4490-B22D-45F62C46987C}.Debug|Any CPU.Build.0 = Debug|Any CPU
		{01640DA7-7F7D-4490-B22D-45F62C46987C}.Release|Any CPU.ActiveCfg = Release|Any CPU
		{01640DA7-7F7D-4490-B22D-45F62C46987C}.Release|Any CPU.Build.0 = Release|Any CPU
		{2DDCEDFD-034E-4860-B3C3-85824113FDA7}.Debug|Any CPU.ActiveCfg = Debug|Any CPU
		{2DDCEDFD-034E-4860-B3C3-85824113FDA7}.Debug|Any CPU.Build.0 = Debug|Any CPU
		{2DDCEDFD-034E-4860-B3C3-85824113FDA7}.Release|Any CPU.ActiveCfg = Release|Any CPU
		{2DDCEDFD-034E-4860-B3C3-85824113FDA7}.Release|Any CPU.Build.0 = Release|Any CPU
	EndGlobalSection
	GlobalSection(SolutionProperties) = preSolution
		HideSolutionNode = FALSE
	EndGlobalSection
	GlobalSection(ExtensibilityGlobals) = postSolution
		SolutionGuid = {DBB76AA6-0833-4B88-BD4B-AB81F2C1D182}
	EndGlobalSection
EndGlobal
